
Microsoft Visual Studio Solution File, Format Version 12.00
# Visual Studio Version 17
VisualStudioVersion = 17.0.31912.275
MinimumVisualStudioVersion = 10.0.40219.1
Project("{FAE04EC0-301F-11D3-BF4B-00C04F79EFBC}") = "Dispatchers.Main.Core", "Dispatchers.Main.Core\Dispatchers.Main.Core.csproj", "{69F3F72A-2C7F-4BBA-B535-7157F8741BBB}"
EndProject
Global
	GlobalSection(SolutionConfigurationPlatforms) = preSolution
		Debug|Any CPU = Debug|Any CPU
		Release|Any CPU = Release|Any CPU
	EndGlobalSection
	GlobalSection(ProjectConfigurationPlatforms) = postSolution
		{69F3F72A-2C7F-4BBA-B535-7157F8741BBB}.Debug|Any CPU.ActiveCfg = Debug|Any CPU
		{69F3F72A-2C7F-4BBA-B535-7157F8741BBB}.Debug|Any CPU.Build.0 = Debug|Any CPU
		{69F3F72A-2C7F-4BBA-B535-7157F8741BBB}.Release|Any CPU.ActiveCfg = Release|Any CPU
		{69F3F72A-2C7F-4BBA-B535-7157F8741BBB}.Release|Any CPU.Build.0 = Release|Any CPU
	EndGlobalSection
	GlobalSection(SolutionProperties) = preSolution
		HideSolutionNode = FALSE
	EndGlobalSection
	GlobalSection(NestedProjects) = preSolution
	EndGlobalSection
	GlobalSection(ExtensibilityGlobals) = postSolution
		SolutionGuid = {CAE6C3D2-3EC8-4406-BB7F-E991166EC402}
	EndGlobalSection
EndGlobal
